
Microsoft Visual Studio Solution File, Format Version 12.00
# Visual Studio Version 17
VisualStudioVersion = 17.13.35825.156
MinimumVisualStudioVersion = 10.0.40219.1
Project("{FAE04EC0-301F-11D3-BF4B-00C04F79EFBC}") = "CounterStrike.Common", "CounterStrike.Common\CounterStrike.Common.csproj", "{2A67FAB1-A656-49D1-A6CB-DA0B0F69ABC5}"
EndProject
Project("{FAE04EC0-301F-11D3-BF4B-00C04F79EFBC}") = "CounterStrike.Console", "CounterStrike.Console\CounterStrike.Console.csproj", "{BE29BA94-E5E8-721C-A40B-2584FF58870D}"
EndProject
Project("{FAE04EC0-301F-11D3-BF4B-00C04F79EFBC}") = "CounterStrike.Infrastructure", "CounterStrike.Infrastructure\CounterStrike.Infrastructure.csproj", "{8AED23DC-BFA4-462F-94EF-2D1DA1ABFD65}"
EndProject
Global
	GlobalSection(SolutionConfigurationPlatforms) = preSolution
		Debug|Any CPU = Debug|Any CPU
		Release|Any CPU = Release|Any CPU
	EndGlobalSection
	GlobalSection(ProjectConfigurationPlatforms) = postSolution
		{2A67FAB1-A656-49D1-A6CB-DA0B0F69ABC5}.Debug|Any CPU.ActiveCfg = Debug|Any CPU
		{2A67FAB1-A656-49D1-A6CB-DA0B0F69ABC5}.Debug|Any CPU.Build.0 = Debug|Any CPU
		{2A67FAB1-A656-49D1-A6CB-DA0B0F69ABC5}.Release|Any CPU.ActiveCfg = Release|Any CPU
		{2A67FAB1-A656-49D1-A6CB-DA0B0F69ABC5}.Release|Any CPU.Build.0 = Release|Any CPU
		{BE29BA94-E5E8-721C-A40B-2584FF58870D}.Debug|Any CPU.ActiveCfg = Debug|Any CPU
		{BE29BA94-E5E8-721C-A40B-2584FF58870D}.Debug|Any CPU.Build.0 = Debug|Any CPU
		{BE29BA94-E5E8-721C-A40B-2584FF58870D}.Release|Any CPU.ActiveCfg = Release|Any CPU
		{BE29BA94-E5E8-721C-A40B-2584FF58870D}.Release|Any CPU.Build.0 = Release|Any CPU
		{8AED23DC-BFA4-462F-94EF-2D1DA1ABFD65}.Debug|Any CPU.ActiveCfg = Debug|Any CPU
		{8AED23DC-BFA4-462F-94EF-2D1DA1ABFD65}.Debug|Any CPU.Build.0 = Debug|Any CPU
		{8AED23DC-BFA4-462F-94EF-2D1DA1ABFD65}.Release|Any CPU.ActiveCfg = Release|Any CPU
		{8AED23DC-BFA4-462F-94EF-2D1DA1ABFD65}.Release|Any CPU.Build.0 = Release|Any CPU
	EndGlobalSection
	GlobalSection(SolutionProperties) = preSolution
		HideSolutionNode = FALSE
	EndGlobalSection
	GlobalSection(ExtensibilityGlobals) = postSolution
		SolutionGuid = {6974F841-16B1-4902-9882-75CE7DA40873}
	EndGlobalSection
EndGlobal
